
Microsoft Visual Studio Solution File, Format Version 12.00
# Visual Studio Version 16
VisualStudioVersion = 16.0.32602.291
MinimumVisualStudioVersion = 10.0.40219.1
Project("{8BC9CEB8-8B4A-11D0-8D11-00A0C91BC942}") = "01_02_SumAndAverage", "01_02_SumAndAverage\01_02_SumAndAverage.vcxproj", "{3404B895-B2B9-4D8A-9439-03716463E934}"
EndProject
Project("{8BC9CEB8-8B4A-11D0-8D11-00A0C91BC942}") = "01_02_NumberCubing", "01_02_NumberCubing\01_02_NumberCubing.vcxproj", "{8E6F7CE6-73E3-49B5-9654-FA5CEF2A0C81}"
EndProject
Project("{8BC9CEB8-8B4A-11D0-8D11-00A0C91BC942}") = "01_03_LeapYears", "01_03_LeapYears\01_03_LeapYears.vcxproj", "{50FC84CF-E42B-4538-8CE3-5248F8EA22E7}"
EndProject
Project("{8BC9CEB8-8B4A-11D0-8D11-00A0C91BC942}") = "01_03_NumberFactors", "01_03_NumberFactors\01_03_NumberFactors.vcxproj", "{89E508C0-5577-423F-A921-7678E3F1C337}"
EndProject
Project("{8BC9CEB8-8B4A-11D0-8D11-00A0C91BC942}") = "01_04_BiggestNumber", "01_04_BiggestNumber\01_04_BiggestNumber.vcxproj", "{CB074751-DB95-4360-8FAC-894BEF334F69}"
EndProject
Project("{8BC9CEB8-8B4A-11D0-8D11-00A0C91BC942}") = "01_04_ClassesAndObjects", "01_04_ClassesAndObjects\01_04_ClassesAndObjects.vcxproj", "{7F7C4174-FA86-4FB0-8471-CBEEC6547C16}"
EndProject
Project("{8BC9CEB8-8B4A-11D0-8D11-00A0C91BC942}") = "01_04_InheritanceAndPolymorphism", "01_04_InheritanceAndPolymorphism\01_04_InheritanceAndPolymorphism.vcxproj", "{0923001D-551C-41FF-82EC-F3C0EE7BC9E4}"
EndProject
Project("{8BC9CEB8-8B4A-11D0-8D11-00A0C91BC942}") = "02_01_PointersAndReferences", "02_01_PointersAndReferences\02_01_PointersAndReferences.vcxproj", "{0B5CF473-96EE-41BB-8AB5-5544E517A85F}"
EndProject
Project("{8BC9CEB8-8B4A-11D0-8D11-00A0C91BC942}") = "Practice_PointersAndReferences", "Practice_PointersAndReferences\Practice_PointersAndReferences.vcxproj", "{8BAF68BA-12F3-4446-B130-D263B98430E5}"
EndProject
Project("{8BC9CEB8-8B4A-11D0-8D11-00A0C91BC942}") = "Practice_DynamicMemory", "Practice_DynamicMemory\Practice_DynamicMemory.vcxproj", "{94B3DDBA-7A65-4D40-A677-988ECF7159E8}"
EndProject
Project("{8BC9CEB8-8B4A-11D0-8D11-00A0C91BC942}") = "02_02_MazeGame", "02_02_MazeGame\02_02_MazeGame.vcxproj", "{16D5A9DE-A909-42A4-8ED5-49F7CC46CBBE}"
EndProject
Project("{8BC9CEB8-8B4A-11D0-8D11-00A0C91BC942}") = "02_02_MazeGame_LevelEditor", "02_02_MazeGame_LevelEditor\02_02_MazeGame_LevelEditor.vcxproj", "{DC142476-33DC-42CA-A8C5-49C24318A5CA}"
EndProject
Global
	GlobalSection(SolutionConfigurationPlatforms) = preSolution
		Debug|x64 = Debug|x64
		Debug|x86 = Debug|x86
		Release|x64 = Release|x64
		Release|x86 = Release|x86
	EndGlobalSection
	GlobalSection(ProjectConfigurationPlatforms) = postSolution
		{3404B895-B2B9-4D8A-9439-03716463E934}.Debug|x64.ActiveCfg = Debug|x64
		{3404B895-B2B9-4D8A-9439-03716463E934}.Debug|x64.Build.0 = Debug|x64
		{3404B895-B2B9-4D8A-9439-03716463E934}.Debug|x86.ActiveCfg = Debug|Win32
		{3404B895-B2B9-4D8A-9439-03716463E934}.Debug|x86.Build.0 = Debug|Win32
		{3404B895-B2B9-4D8A-9439-03716463E934}.Release|x64.ActiveCfg = Release|x64
		{3404B895-B2B9-4D8A-9439-03716463E934}.Release|x64.Build.0 = Release|x64
		{3404B895-B2B9-4D8A-9439-03716463E934}.Release|x86.ActiveCfg = Release|Win32
		{3404B895-B2B9-4D8A-9439-03716463E934}.Release|x86.Build.0 = Release|Win32
		{8E6F7CE6-73E3-49B5-9654-FA5CEF2A0C81}.Debug|x64.ActiveCfg = Debug|x64
		{8E6F7CE6-73E3-49B5-9654-FA5CEF2A0C81}.Debug|x64.Build.0 = Debug|x64
		{8E6F7CE6-73E3-49B5-9654-FA5CEF2A0C81}.Debug|x86.ActiveCfg = Debug|Win32
		{8E6F7CE6-73E3-49B5-9654-FA5CEF2A0C81}.Debug|x86.Build.0 = Debug|Win32
		{8E6F7CE6-73E3-49B5-9654-FA5CEF2A0C81}.Release|x64.ActiveCfg = Release|x64
		{8E6F7CE6-73E3-49B5-9654-FA5CEF2A0C81}.Release|x64.Build.0 = Release|x64
		{8E6F7CE6-73E3-49B5-9654-FA5CEF2A0C81}.Release|x86.ActiveCfg = Release|Win32
		{8E6F7CE6-73E3-49B5-9654-FA5CEF2A0C81}.Release|x86.Build.0 = Release|Win32
		{50FC84CF-E42B-4538-8CE3-5248F8EA22E7}.Debug|x64.ActiveCfg = Debug|x64
		{50FC84CF-E42B-4538-8CE3-5248F8EA22E7}.Debug|x64.Build.0 = Debug|x64
		{50FC84CF-E42B-4538-8CE3-5248F8EA22E7}.Debug|x86.ActiveCfg = Debug|Win32
		{50FC84CF-E42B-4538-8CE3-5248F8EA22E7}.Debug|x86.Build.0 = Debug|Win32
		{50FC84CF-E42B-4538-8CE3-5248F8EA22E7}.Release|x64.ActiveCfg = Release|x64
		{50FC84CF-E42B-4538-8CE3-5248F8EA22E7}.Release|x64.Build.0 = Release|x64
		{50FC84CF-E42B-4538-8CE3-5248F8EA22E7}.Release|x86.ActiveCfg = Release|Win32
		{50FC84CF-E42B-4538-8CE3-5248F8EA22E7}.Release|x86.Build.0 = Release|Win32
		{89E508C0-5577-423F-A921-7678E3F1C337}.Debug|x64.ActiveCfg = Debug|x64
		{89E508C0-5577-423F-A921-7678E3F1C337}.Debug|x64.Build.0 = Debug|x64
		{89E508C0-5577-423F-A921-7678E3F1C337}.Debug|x86.ActiveCfg = Debug|Win32
		{89E508C0-5577-423F-A921-7678E3F1C337}.Debug|x86.Build.0 = Debug|Win32
		{89E508C0-5577-423F-A921-7678E3F1C337}.Release|x64.ActiveCfg = Release|x64
		{89E508C0-5577-423F-A921-7678E3F1C337}.Release|x64.Build.0 = Release|x64
		{89E508C0-5577-423F-A921-7678E3F1C337}.Release|x86.ActiveCfg = Release|Win32
		{89E508C0-5577-423F-A921-7678E3F1C337}.Release|x86.Build.0 = Release|Win32
		{CB074751-DB95-4360-8FAC-894BEF334F69}.Debug|x64.ActiveCfg = Debug|x64
		{CB074751-DB95-4360-8FAC-894BEF334F69}.Debug|x64.Build.0 = Debug|x64
		{CB074751-DB95-4360-8FAC-894BEF334F69}.Debug|x86.ActiveCfg = Debug|Win32
		{CB074751-DB95-4360-8FAC-894BEF334F69}.Debug|x86.Build.0 = Debug|Win32
		{CB074751-DB95-4360-8FAC-894BEF334F69}.Release|x64.ActiveCfg = Release|x64
		{CB074751-DB95-4360-8FAC-894BEF334F69}.Release|x64.Build.0 = Release|x64
		{CB074751-DB95-4360-8FAC-894BEF334F69}.Release|x86.ActiveCfg = Release|Win32
		{CB074751-DB95-4360-8FAC-894BEF334F69}.Release|x86.Build.0 = Release|Win32
		{7F7C4174-FA86-4FB0-8471-CBEEC6547C16}.Debug|x64.ActiveCfg = Debug|x64
		{7F7C4174-FA86-4FB0-8471-CBEEC6547C16}.Debug|x64.Build.0 = Debug|x64
		{7F7C4174-FA86-4FB0-8471-CBEEC6547C16}.Debug|x86.ActiveCfg = Debug|Win32
		{7F7C4174-FA86-4FB0-8471-CBEEC6547C16}.Debug|x86.Build.0 = Debug|Win32
		{7F7C4174-FA86-4FB0-8471-CBEEC6547C16}.Release|x64.ActiveCfg = Release|x64
		{7F7C4174-FA86-4FB0-8471-CBEEC6547C16}.Release|x64.Build.0 = Release|x64
		{7F7C4174-FA86-4FB0-8471-CBEEC6547C16}.Release|x86.ActiveCfg = Release|Win32
		{7F7C4174-FA86-4FB0-8471-CBEEC6547C16}.Release|x86.Build.0 = Release|Win32
		{0923001D-551C-41FF-82EC-F3C0EE7BC9E4}.Debug|x64.ActiveCfg = Debug|x64
		{0923001D-551C-41FF-82EC-F3C0EE7BC9E4}.Debug|x64.Build.0 = Debug|x64
		{0923001D-551C-41FF-82EC-F3C0EE7BC9E4}.Debug|x86.ActiveCfg = Debug|Win32
		{0923001D-551C-41FF-82EC-F3C0EE7BC9E4}.Debug|x86.Build.0 = Debug|Win32
		{0923001D-551C-41FF-82EC-F3C0EE7BC9E4}.Release|x64.ActiveCfg = Release|x64
		{0923001D-551C-41FF-82EC-F3C0EE7BC9E4}.Release|x64.Build.0 = Release|x64
		{0923001D-551C-41FF-82EC-F3C0EE7BC9E4}.Release|x86.ActiveCfg = Release|Win32
		{0923001D-551C-41FF-82EC-F3C0EE7BC9E4}.Release|x86.Build.0 = Release|Win32
		{0B5CF473-96EE-41BB-8AB5-5544E517A85F}.Debug|x64.ActiveCfg = Debug|x64
		{0B5CF473-96EE-41BB-8AB5-5544E517A85F}.Debug|x64.Build.0 = Debug|x64
		{0B5CF473-96EE-41BB-8AB5-5544E517A85F}.Debug|x86.ActiveCfg = Debug|Win32
		{0B5CF473-96EE-41BB-8AB5-5544E517A85F}.Debug|x86.Build.0 = Debug|Win32
		{0B5CF473-96EE-41BB-8AB5-5544E517A85F}.Release|x64.ActiveCfg = Release|x64
		{0B5CF473-96EE-41BB-8AB5-5544E517A85F}.Release|x64.Build.0 = Release|x64
		{0B5CF473-96EE-41BB-8AB5-5544E517A85F}.Release|x86.ActiveCfg = Release|Win32
		{0B5CF473-96EE-41BB-8AB5-5544E517A85F}.Release|x86.Build.0 = Release|Win32
		{8BAF68BA-12F3-4446-B130-D263B98430E5}.Debug|x64.ActiveCfg = Debug|x64
		{8BAF68BA-12F3-4446-B130-D263B98430E5}.Debug|x64.Build.0 = Debug|x64
		{8BAF68BA-12F3-4446-B130-D263B98430E5}.Debug|x86.ActiveCfg = Debug|Win32
		{8BAF68BA-12F3-4446-B130-D263B98430E5}.Debug|x86.Build.0 = Debug|Win32
		{8BAF68BA-12F3-4446-B130-D263B98430E5}.Release|x64.ActiveCfg = Release|x64
		{8BAF68BA-12F3-4446-B130-D263B98430E5}.Release|x64.Build.0 = Release|x64
		{8BAF68BA-12F3-4446-B130-D263B98430E5}.Release|x86.ActiveCfg = Release|Win32
		{8BAF68BA-12F3-4446-B130-D263B98430E5}.Release|x86.Build.0 = Release|Win32
		{94B3DDBA-7A65-4D40-A677-988ECF7159E8}.Debug|x64.ActiveCfg = Debug|x64
		{94B3DDBA-7A65-4D40-A677-988ECF7159E8}.Debug|x64.Build.0 = Debug|x64
		{94B3DDBA-7A65-4D40-A677-988ECF7159E8}.Debug|x86.ActiveCfg = Debug|Win32
		{94B3DDBA-7A65-4D40-A677-988ECF7159E8}.Debug|x86.Build.0 = Debug|Win32
		{94B3DDBA-7A65-4D40-A677-988ECF7159E8}.Release|x64.ActiveCfg = Release|x64
		{94B3DDBA-7A65-4D40-A677-988ECF7159E8}.Release|x64.Build.0 = Release|x64
		{94B3DDBA-7A65-4D40-A677-988ECF7159E8}.Release|x86.ActiveCfg = Release|Win32
		{94B3DDBA-7A65-4D40-A677-988ECF7159E8}.Release|x86.Build.0 = Release|Win32
		{16D5A9DE-A909-42A4-8ED5-49F7CC46CBBE}.Debug|x64.ActiveCfg = Debug|x64
		{16D5A9DE-A909-42A4-8ED5-49F7CC46CBBE}.Debug|x64.Build.0 = Debug|x64
		{16D5A9DE-A909-42A4-8ED5-49F7CC46CBBE}.Debug|x86.ActiveCfg = Debug|Win32
		{16D5A9DE-A909-42A4-8ED5-49F7CC46CBBE}.Debug|x86.Build.0 = Debug|Win32
		{16D5A9DE-A909-42A4-8ED5-49F7CC46CBBE}.Release|x64.ActiveCfg = Release|x64
		{16D5A9DE-A909-42A4-8ED5-49F7CC46CBBE}.Release|x64.Build.0 = Release|x64
		{16D5A9DE-A909-42A4-8ED5-49F7CC46CBBE}.Release|x86.ActiveCfg = Release|Win32
		{16D5A9DE-A909-42A4-8ED5-49F7CC46CBBE}.Release|x86.Build.0 = Release|Win32
		{DC142476-33DC-42CA-A8C5-49C24318A5CA}.Debug|x64.ActiveCfg = Debug|x64
		{DC142476-33DC-42CA-A8C5-49C24318A5CA}.Debug|x64.Build.0 = Debug|x64
		{DC142476-33DC-42CA-A8C5-49C24318A5CA}.Debug|x86.ActiveCfg = Debug|Win32
		{DC142476-33DC-42CA-A8C5-49C24318A5CA}.Debug|x86.Build.0 = Debug|Win32
		{DC142476-33DC-42CA-A8C5-49C24318A5CA}.Release|x64.ActiveCfg = Release|x64
		{DC142476-33DC-42CA-A8C5-49C24318A5CA}.Release|x64.Build.0 = Release|x64
		{DC142476-33DC-42CA-A8C5-49C24318A5CA}.Release|x86.ActiveCfg = Release|Win32
		{DC142476-33DC-42CA-A8C5-49C24318A5CA}.Release|x86.Build.0 = Release|Win32
	EndGlobalSection
	GlobalSection(SolutionProperties) = preSolution
		HideSolutionNode = FALSE
	EndGlobalSection
	GlobalSection(ExtensibilityGlobals) = postSolution
		SolutionGuid = {5F81FF54-23D2-4227-B1F3-9CA9423FE9B5}
	EndGlobalSection
EndGlobal
